
Microsoft Visual Studio Solution File, Format Version 12.00
# Visual Studio Version 17
VisualStudioVersion = 17.4.33110.190
MinimumVisualStudioVersion = 10.0.40219.1
Project("{FAE04EC0-301F-11D3-BF4B-00C04F79EFBC}") = "TicTacToeGame", "TicTacToeGame\TicTacToeGame.csproj", "{4D8AABB8-AF67-427F-A531-21F22C3B076F}"
EndProject
Global
	GlobalSection(SolutionConfigurationPlatforms) = preSolution
		Debug|Any CPU = Debug|Any CPU
		Release|Any CPU = Release|Any CPU
	EndGlobalSection
	GlobalSection(ProjectConfigurationPlatforms) = postSolution
		{4D8AABB8-AF67-427F-A531-21F22C3B076F}.Debug|Any CPU.ActiveCfg = Debug|Any CPU
		{4D8AABB8-AF67-427F-A531-21F22C3B076F}.Debug|Any CPU.Build.0 = Debug|Any CPU
		{4D8AABB8-AF67-427F-A531-21F22C3B076F}.Release|Any CPU.ActiveCfg = Release|Any CPU
		{4D8AABB8-AF67-427F-A531-21F22C3B076F}.Release|Any CPU.Build.0 = Release|Any CPU
	EndGlobalSection
	GlobalSection(SolutionProperties) = preSolution
		HideSolutionNode = FALSE
	EndGlobalSection
	GlobalSection(ExtensibilityGlobals) = postSolution
		SolutionGuid = {EB29DDF8-71BA-437D-9AB9-2B57026BC44A}
	EndGlobalSection
EndGlobal
